
Microsoft Visual Studio Solution File, Format Version 12.00
# Visual Studio Version 16
VisualStudioVersion = 16.0.31019.35
MinimumVisualStudioVersion = 10.0.40219.1
Project("{8BC9CEB8-8B4A-11D0-8D11-00A0C91BC942}") = "Vectorisation", "Vectorisation\Vectorisation.vcxproj", "{837BEACF-BCED-4AB2-BAF5-A7254EB6756B}"
EndProject
Project("{2150E333-8FDC-42A3-9474-1A3956D46DE8}") = "Solution Items", "Solution Items", "{891AA9B4-1E52-42FF-86BE-272FCFA5F928}"
EndProject
Project("{8BC9CEB8-8B4A-11D0-8D11-00A0C91BC942}") = "VectorTest", "VectorTest\VectorTest.vcxproj", "{E86A4697-AF41-41F0-8CD6-DB490D38FC84}"
EndProject
Project("{8BC9CEB8-8B4A-11D0-8D11-00A0C91BC942}") = "accumulateExample", "accumulateExample\accumulateExample.vcxproj", "{9C014990-2E43-46EA-A590-0FEDD7F8FD6C}"
	ProjectSection(ProjectDependencies) = postProject
		{837BEACF-BCED-4AB2-BAF5-A7254EB6756B} = {837BEACF-BCED-4AB2-BAF5-A7254EB6756B}
	EndProjectSection
EndProject
Project("{8BC9CEB8-8B4A-11D0-8D11-00A0C91BC942}") = "inverseCumNormalExample", "inverseCumNormalExample\inverseCumNormalExample.vcxproj", "{5A2AF742-FB39-43DC-9F8B-B76D0E8FDEF0}"
	ProjectSection(ProjectDependencies) = postProject
		{837BEACF-BCED-4AB2-BAF5-A7254EB6756B} = {837BEACF-BCED-4AB2-BAF5-A7254EB6756B}
	EndProjectSection
EndProject
Project("{8BC9CEB8-8B4A-11D0-8D11-00A0C91BC942}") = "GettingStarted", "GettingStarted\GettingStarted.vcxproj", "{CC61E588-F0FA-472A-ABC7-948E2DFAD64A}"
EndProject
Project("{8BC9CEB8-8B4A-11D0-8D11-00A0C91BC942}") = "cumNormalExample", "cumNormalExample\cumNormalExample.vcxproj", "{503BFAC4-7F7F-4B0F-A09D-A9985A9382D0}"
	ProjectSection(ProjectDependencies) = postProject
		{837BEACF-BCED-4AB2-BAF5-A7254EB6756B} = {837BEACF-BCED-4AB2-BAF5-A7254EB6756B}
	EndProjectSection
EndProject
Project("{8BC9CEB8-8B4A-11D0-8D11-00A0C91BC942}") = "lattice", "lattice\lattice.vcxproj", "{FFE7CCAE-431C-44CD-8C12-80BF4B81ED15}"
	ProjectSection(ProjectDependencies) = postProject
		{837BEACF-BCED-4AB2-BAF5-A7254EB6756B} = {837BEACF-BCED-4AB2-BAF5-A7254EB6756B}
	EndProjectSection
EndProject
Project("{8BC9CEB8-8B4A-11D0-8D11-00A0C91BC942}") = "dancingAVX512", "dancingAVX512\dancingAVX512.vcxproj", "{7B09641C-18ED-4D87-B56B-5337829D5BB5}"
EndProject
Project("{8BC9CEB8-8B4A-11D0-8D11-00A0C91BC942}") = "curveExample", "curveExample\curveExample.vcxproj", "{13610364-ECE9-4C99-A289-F68F940D3046}"
EndProject
Global
	GlobalSection(SolutionConfigurationPlatforms) = preSolution
		clang-cl|ARM64 = clang-cl|ARM64
		clang-cl|x64 = clang-cl|x64
		clang-cl|x86 = clang-cl|x86
		clangD|ARM64 = clangD|ARM64
		clangD|x64 = clangD|x64
		clangD|x86 = clangD|x86
		Debug|ARM64 = Debug|ARM64
		Debug|x64 = Debug|x64
		Debug|x86 = Debug|x86
		ICC2022|ARM64 = ICC2022|ARM64
		ICC2022|x64 = ICC2022|x64
		ICC2022|x86 = ICC2022|x86
		Release|ARM64 = Release|ARM64
		Release|x64 = Release|x64
		Release|x86 = Release|x86
	EndGlobalSection
	GlobalSection(ProjectConfigurationPlatforms) = postSolution
		{837BEACF-BCED-4AB2-BAF5-A7254EB6756B}.clang-cl|ARM64.ActiveCfg = clang-cl|ARM64
		{837BEACF-BCED-4AB2-BAF5-A7254EB6756B}.clang-cl|ARM64.Build.0 = clang-cl|ARM64
		{837BEACF-BCED-4AB2-BAF5-A7254EB6756B}.clang-cl|x64.ActiveCfg = clang-cl|x64
		{837BEACF-BCED-4AB2-BAF5-A7254EB6756B}.clang-cl|x64.Build.0 = clang-cl|x64
		{837BEACF-BCED-4AB2-BAF5-A7254EB6756B}.clang-cl|x86.ActiveCfg = clang-cl|Win32
		{837BEACF-BCED-4AB2-BAF5-A7254EB6756B}.clang-cl|x86.Build.0 = clang-cl|Win32
		{837BEACF-BCED-4AB2-BAF5-A7254EB6756B}.clangD|ARM64.ActiveCfg = clangD|ARM64
		{837BEACF-BCED-4AB2-BAF5-A7254EB6756B}.clangD|ARM64.Build.0 = clangD|ARM64
		{837BEACF-BCED-4AB2-BAF5-A7254EB6756B}.clangD|x64.ActiveCfg = clangD|x64
		{837BEACF-BCED-4AB2-BAF5-A7254EB6756B}.clangD|x64.Build.0 = clangD|x64
		{837BEACF-BCED-4AB2-BAF5-A7254EB6756B}.clangD|x86.ActiveCfg = clangD|Win32
		{837BEACF-BCED-4AB2-BAF5-A7254EB6756B}.clangD|x86.Build.0 = clangD|Win32
		{837BEACF-BCED-4AB2-BAF5-A7254EB6756B}.Debug|ARM64.ActiveCfg = Debug|ARM64
		{837BEACF-BCED-4AB2-BAF5-A7254EB6756B}.Debug|ARM64.Build.0 = Debug|ARM64
		{837BEACF-BCED-4AB2-BAF5-A7254EB6756B}.Debug|x64.ActiveCfg = Debug|x64
		{837BEACF-BCED-4AB2-BAF5-A7254EB6756B}.Debug|x64.Build.0 = Debug|x64
		{837BEACF-BCED-4AB2-BAF5-A7254EB6756B}.Debug|x86.ActiveCfg = Debug|Win32
		{837BEACF-BCED-4AB2-BAF5-A7254EB6756B}.Debug|x86.Build.0 = Debug|Win32
		{837BEACF-BCED-4AB2-BAF5-A7254EB6756B}.ICC2022|ARM64.ActiveCfg = ICC2022|ARM64
		{837BEACF-BCED-4AB2-BAF5-A7254EB6756B}.ICC2022|ARM64.Build.0 = ICC2022|ARM64
		{837BEACF-BCED-4AB2-BAF5-A7254EB6756B}.ICC2022|x64.ActiveCfg = ICC2022|x64
		{837BEACF-BCED-4AB2-BAF5-A7254EB6756B}.ICC2022|x64.Build.0 = ICC2022|x64
		{837BEACF-BCED-4AB2-BAF5-A7254EB6756B}.ICC2022|x86.ActiveCfg = ICC2022|Win32
		{837BEACF-BCED-4AB2-BAF5-A7254EB6756B}.ICC2022|x86.Build.0 = ICC2022|Win32
		{837BEACF-BCED-4AB2-BAF5-A7254EB6756B}.Release|ARM64.ActiveCfg = Release|ARM64
		{837BEACF-BCED-4AB2-BAF5-A7254EB6756B}.Release|ARM64.Build.0 = Release|ARM64
		{837BEACF-BCED-4AB2-BAF5-A7254EB6756B}.Release|x64.ActiveCfg = Release|x64
		{837BEACF-BCED-4AB2-BAF5-A7254EB6756B}.Release|x64.Build.0 = Release|x64
		{837BEACF-BCED-4AB2-BAF5-A7254EB6756B}.Release|x86.ActiveCfg = Release|Win32
		{837BEACF-BCED-4AB2-BAF5-A7254EB6756B}.Release|x86.Build.0 = Release|Win32
		{E86A4697-AF41-41F0-8CD6-DB490D38FC84}.clang-cl|ARM64.ActiveCfg = clang-cl|ARM64
		{E86A4697-AF41-41F0-8CD6-DB490D38FC84}.clang-cl|ARM64.Build.0 = clang-cl|ARM64
		{E86A4697-AF41-41F0-8CD6-DB490D38FC84}.clang-cl|x64.ActiveCfg = clang-cl|x64
		{E86A4697-AF41-41F0-8CD6-DB490D38FC84}.clang-cl|x64.Build.0 = clang-cl|x64
		{E86A4697-AF41-41F0-8CD6-DB490D38FC84}.clang-cl|x86.ActiveCfg = clang-cl|Win32
		{E86A4697-AF41-41F0-8CD6-DB490D38FC84}.clang-cl|x86.Build.0 = clang-cl|Win32
		{E86A4697-AF41-41F0-8CD6-DB490D38FC84}.clangD|ARM64.ActiveCfg = clangD|ARM64
		{E86A4697-AF41-41F0-8CD6-DB490D38FC84}.clangD|ARM64.Build.0 = clangD|ARM64
		{E86A4697-AF41-41F0-8CD6-DB490D38FC84}.clangD|x64.ActiveCfg = clangD|x64
		{E86A4697-AF41-41F0-8CD6-DB490D38FC84}.clangD|x64.Build.0 = clangD|x64
		{E86A4697-AF41-41F0-8CD6-DB490D38FC84}.clangD|x86.ActiveCfg = clangD|Win32
		{E86A4697-AF41-41F0-8CD6-DB490D38FC84}.clangD|x86.Build.0 = clangD|Win32
		{E86A4697-AF41-41F0-8CD6-DB490D38FC84}.Debug|ARM64.ActiveCfg = Debug|ARM64
		{E86A4697-AF41-41F0-8CD6-DB490D38FC84}.Debug|ARM64.Build.0 = Debug|ARM64
		{E86A4697-AF41-41F0-8CD6-DB490D38FC84}.Debug|x64.ActiveCfg = Debug|x64
		{E86A4697-AF41-41F0-8CD6-DB490D38FC84}.Debug|x64.Build.0 = Debug|x64
		{E86A4697-AF41-41F0-8CD6-DB490D38FC84}.Debug|x86.ActiveCfg = Debug|Win32
		{E86A4697-AF41-41F0-8CD6-DB490D38FC84}.Debug|x86.Build.0 = Debug|Win32
		{E86A4697-AF41-41F0-8CD6-DB490D38FC84}.ICC2022|ARM64.ActiveCfg = ICC2022|ARM64
		{E86A4697-AF41-41F0-8CD6-DB490D38FC84}.ICC2022|ARM64.Build.0 = ICC2022|ARM64
		{E86A4697-AF41-41F0-8CD6-DB490D38FC84}.ICC2022|x64.ActiveCfg = ICC2022|x64
		{E86A4697-AF41-41F0-8CD6-DB490D38FC84}.ICC2022|x64.Build.0 = ICC2022|x64
		{E86A4697-AF41-41F0-8CD6-DB490D38FC84}.ICC2022|x86.ActiveCfg = ICC2022|Win32
		{E86A4697-AF41-41F0-8CD6-DB490D38FC84}.ICC2022|x86.Build.0 = ICC2022|Win32
		{E86A4697-AF41-41F0-8CD6-DB490D38FC84}.Release|ARM64.ActiveCfg = Release|ARM64
		{E86A4697-AF41-41F0-8CD6-DB490D38FC84}.Release|ARM64.Build.0 = Release|ARM64
		{E86A4697-AF41-41F0-8CD6-DB490D38FC84}.Release|x64.ActiveCfg = Release|x64
		{E86A4697-AF41-41F0-8CD6-DB490D38FC84}.Release|x64.Build.0 = Release|x64
		{E86A4697-AF41-41F0-8CD6-DB490D38FC84}.Release|x86.ActiveCfg = Release|Win32
		{E86A4697-AF41-41F0-8CD6-DB490D38FC84}.Release|x86.Build.0 = Release|Win32
		{9C014990-2E43-46EA-A590-0FEDD7F8FD6C}.clang-cl|ARM64.ActiveCfg = clang-cl|ARM64
		{9C014990-2E43-46EA-A590-0FEDD7F8FD6C}.clang-cl|ARM64.Build.0 = clang-cl|ARM64
		{9C014990-2E43-46EA-A590-0FEDD7F8FD6C}.clang-cl|x64.ActiveCfg = clang-cl|x64
		{9C014990-2E43-46EA-A590-0FEDD7F8FD6C}.clang-cl|x64.Build.0 = clang-cl|x64
		{9C014990-2E43-46EA-A590-0FEDD7F8FD6C}.clang-cl|x86.ActiveCfg = clang-cl|Win32
		{9C014990-2E43-46EA-A590-0FEDD7F8FD6C}.clang-cl|x86.Build.0 = clang-cl|Win32
		{9C014990-2E43-46EA-A590-0FEDD7F8FD6C}.clangD|ARM64.ActiveCfg = clangD|ARM64
		{9C014990-2E43-46EA-A590-0FEDD7F8FD6C}.clangD|ARM64.Build.0 = clangD|ARM64
		{9C014990-2E43-46EA-A590-0FEDD7F8FD6C}.clangD|x64.ActiveCfg = clangD|x64
		{9C014990-2E43-46EA-A590-0FEDD7F8FD6C}.clangD|x64.Build.0 = clangD|x64
		{9C014990-2E43-46EA-A590-0FEDD7F8FD6C}.clangD|x86.ActiveCfg = clangD|Win32
		{9C014990-2E43-46EA-A590-0FEDD7F8FD6C}.clangD|x86.Build.0 = clangD|Win32
		{9C014990-2E43-46EA-A590-0FEDD7F8FD6C}.Debug|ARM64.ActiveCfg = Debug|ARM64
		{9C014990-2E43-46EA-A590-0FEDD7F8FD6C}.Debug|ARM64.Build.0 = Debug|ARM64
		{9C014990-2E43-46EA-A590-0FEDD7F8FD6C}.Debug|x64.ActiveCfg = Debug|x64
		{9C014990-2E43-46EA-A590-0FEDD7F8FD6C}.Debug|x64.Build.0 = Debug|x64
		{9C014990-2E43-46EA-A590-0FEDD7F8FD6C}.Debug|x86.ActiveCfg = Debug|Win32
		{9C014990-2E43-46EA-A590-0FEDD7F8FD6C}.Debug|x86.Build.0 = Debug|Win32
		{9C014990-2E43-46EA-A590-0FEDD7F8FD6C}.ICC2022|ARM64.ActiveCfg = ICC2022|ARM64
		{9C014990-2E43-46EA-A590-0FEDD7F8FD6C}.ICC2022|ARM64.Build.0 = ICC2022|ARM64
		{9C014990-2E43-46EA-A590-0FEDD7F8FD6C}.ICC2022|x64.ActiveCfg = ICC2022|x64
		{9C014990-2E43-46EA-A590-0FEDD7F8FD6C}.ICC2022|x64.Build.0 = ICC2022|x64
		{9C014990-2E43-46EA-A590-0FEDD7F8FD6C}.ICC2022|x86.ActiveCfg = ICC2022|Win32
		{9C014990-2E43-46EA-A590-0FEDD7F8FD6C}.ICC2022|x86.Build.0 = ICC2022|Win32
		{9C014990-2E43-46EA-A590-0FEDD7F8FD6C}.Release|ARM64.ActiveCfg = Release|ARM64
		{9C014990-2E43-46EA-A590-0FEDD7F8FD6C}.Release|ARM64.Build.0 = Release|ARM64
		{9C014990-2E43-46EA-A590-0FEDD7F8FD6C}.Release|x64.ActiveCfg = Release|x64
		{9C014990-2E43-46EA-A590-0FEDD7F8FD6C}.Release|x64.Build.0 = Release|x64
		{9C014990-2E43-46EA-A590-0FEDD7F8FD6C}.Release|x86.ActiveCfg = Release|Win32
		{9C014990-2E43-46EA-A590-0FEDD7F8FD6C}.Release|x86.Build.0 = Release|Win32
		{5A2AF742-FB39-43DC-9F8B-B76D0E8FDEF0}.clang-cl|ARM64.ActiveCfg = clang-cl|ARM64
		{5A2AF742-FB39-43DC-9F8B-B76D0E8FDEF0}.clang-cl|ARM64.Build.0 = clang-cl|ARM64
		{5A2AF742-FB39-43DC-9F8B-B76D0E8FDEF0}.clang-cl|x64.ActiveCfg = clang-cl|x64
		{5A2AF742-FB39-43DC-9F8B-B76D0E8FDEF0}.clang-cl|x64.Build.0 = clang-cl|x64
		{5A2AF742-FB39-43DC-9F8B-B76D0E8FDEF0}.clang-cl|x86.ActiveCfg = clang-cl|Win32
		{5A2AF742-FB39-43DC-9F8B-B76D0E8FDEF0}.clang-cl|x86.Build.0 = clang-cl|Win32
		{5A2AF742-FB39-43DC-9F8B-B76D0E8FDEF0}.clangD|ARM64.ActiveCfg = clangD|ARM64
		{5A2AF742-FB39-43DC-9F8B-B76D0E8FDEF0}.clangD|ARM64.Build.0 = clangD|ARM64
		{5A2AF742-FB39-43DC-9F8B-B76D0E8FDEF0}.clangD|x64.ActiveCfg = clangD|x64
		{5A2AF742-FB39-43DC-9F8B-B76D0E8FDEF0}.clangD|x64.Build.0 = clangD|x64
		{5A2AF742-FB39-43DC-9F8B-B76D0E8FDEF0}.clangD|x86.ActiveCfg = clangD|Win32
		{5A2AF742-FB39-43DC-9F8B-B76D0E8FDEF0}.clangD|x86.Build.0 = clangD|Win32
		{5A2AF742-FB39-43DC-9F8B-B76D0E8FDEF0}.Debug|ARM64.ActiveCfg = Debug|ARM64
		{5A2AF742-FB39-43DC-9F8B-B76D0E8FDEF0}.Debug|ARM64.Build.0 = Debug|ARM64
		{5A2AF742-FB39-43DC-9F8B-B76D0E8FDEF0}.Debug|x64.ActiveCfg = Debug|x64
		{5A2AF742-FB39-43DC-9F8B-B76D0E8FDEF0}.Debug|x64.Build.0 = Debug|x64
		{5A2AF742-FB39-43DC-9F8B-B76D0E8FDEF0}.Debug|x86.ActiveCfg = Debug|Win32
		{5A2AF742-FB39-43DC-9F8B-B76D0E8FDEF0}.Debug|x86.Build.0 = Debug|Win32
		{5A2AF742-FB39-43DC-9F8B-B76D0E8FDEF0}.ICC2022|ARM64.ActiveCfg = ICC2022|ARM64
		{5A2AF742-FB39-43DC-9F8B-B76D0E8FDEF0}.ICC2022|ARM64.Build.0 = ICC2022|ARM64
		{5A2AF742-FB39-43DC-9F8B-B76D0E8FDEF0}.ICC2022|x64.ActiveCfg = ICC2022|x64
		{5A2AF742-FB39-43DC-9F8B-B76D0E8FDEF0}.ICC2022|x64.Build.0 = ICC2022|x64
		{5A2AF742-FB39-43DC-9F8B-B76D0E8FDEF0}.ICC2022|x86.ActiveCfg = ICC2022|Win32
		{5A2AF742-FB39-43DC-9F8B-B76D0E8FDEF0}.ICC2022|x86.Build.0 = ICC2022|Win32
		{5A2AF742-FB39-43DC-9F8B-B76D0E8FDEF0}.Release|ARM64.ActiveCfg = Release|ARM64
		{5A2AF742-FB39-43DC-9F8B-B76D0E8FDEF0}.Release|ARM64.Build.0 = Release|ARM64
		{5A2AF742-FB39-43DC-9F8B-B76D0E8FDEF0}.Release|x64.ActiveCfg = Release|x64
		{5A2AF742-FB39-43DC-9F8B-B76D0E8FDEF0}.Release|x64.Build.0 = Release|x64
		{5A2AF742-FB39-43DC-9F8B-B76D0E8FDEF0}.Release|x86.ActiveCfg = Release|Win32
		{5A2AF742-FB39-43DC-9F8B-B76D0E8FDEF0}.Release|x86.Build.0 = Release|Win32
		{CC61E588-F0FA-472A-ABC7-948E2DFAD64A}.clang-cl|ARM64.ActiveCfg = Debug|Win32
		{CC61E588-F0FA-472A-ABC7-948E2DFAD64A}.clang-cl|ARM64.Build.0 = Debug|Win32
		{CC61E588-F0FA-472A-ABC7-948E2DFAD64A}.clang-cl|x64.ActiveCfg = clang-cl|x64
		{CC61E588-F0FA-472A-ABC7-948E2DFAD64A}.clang-cl|x64.Build.0 = clang-cl|x64
		{CC61E588-F0FA-472A-ABC7-948E2DFAD64A}.clang-cl|x86.ActiveCfg = Debug|Win32
		{CC61E588-F0FA-472A-ABC7-948E2DFAD64A}.clang-cl|x86.Build.0 = Debug|Win32
		{CC61E588-F0FA-472A-ABC7-948E2DFAD64A}.clangD|ARM64.ActiveCfg = clangD|Win32
		{CC61E588-F0FA-472A-ABC7-948E2DFAD64A}.clangD|x64.ActiveCfg = clangD|x64
		{CC61E588-F0FA-472A-ABC7-948E2DFAD64A}.clangD|x64.Build.0 = clangD|x64
		{CC61E588-F0FA-472A-ABC7-948E2DFAD64A}.clangD|x86.ActiveCfg = clangD|Win32
		{CC61E588-F0FA-472A-ABC7-948E2DFAD64A}.clangD|x86.Build.0 = clangD|Win32
		{CC61E588-F0FA-472A-ABC7-948E2DFAD64A}.Debug|ARM64.ActiveCfg = Debug|Win32
		{CC61E588-F0FA-472A-ABC7-948E2DFAD64A}.Debug|x64.ActiveCfg = Debug|x64
		{CC61E588-F0FA-472A-ABC7-948E2DFAD64A}.Debug|x64.Build.0 = Debug|x64
		{CC61E588-F0FA-472A-ABC7-948E2DFAD64A}.Debug|x86.ActiveCfg = Debug|Win32
		{CC61E588-F0FA-472A-ABC7-948E2DFAD64A}.Debug|x86.Build.0 = Debug|Win32
		{CC61E588-F0FA-472A-ABC7-948E2DFAD64A}.ICC2022|ARM64.ActiveCfg = Debug|Win32
		{CC61E588-F0FA-472A-ABC7-948E2DFAD64A}.ICC2022|ARM64.Build.0 = Debug|Win32
		{CC61E588-F0FA-472A-ABC7-948E2DFAD64A}.ICC2022|x64.ActiveCfg = ICC2022|x64
		{CC61E588-F0FA-472A-ABC7-948E2DFAD64A}.ICC2022|x64.Build.0 = ICC2022|x64
		{CC61E588-F0FA-472A-ABC7-948E2DFAD64A}.ICC2022|x86.ActiveCfg = Debug|Win32
		{CC61E588-F0FA-472A-ABC7-948E2DFAD64A}.ICC2022|x86.Build.0 = Debug|Win32
		{CC61E588-F0FA-472A-ABC7-948E2DFAD64A}.Release|ARM64.ActiveCfg = Release|Win32
		{CC61E588-F0FA-472A-ABC7-948E2DFAD64A}.Release|x64.ActiveCfg = Release|x64
		{CC61E588-F0FA-472A-ABC7-948E2DFAD64A}.Release|x64.Build.0 = Release|x64
		{CC61E588-F0FA-472A-ABC7-948E2DFAD64A}.Release|x86.ActiveCfg = Release|Win32
		{CC61E588-F0FA-472A-ABC7-948E2DFAD64A}.Release|x86.Build.0 = Release|Win32
		{503BFAC4-7F7F-4B0F-A09D-A9985A9382D0}.clang-cl|ARM64.ActiveCfg = Debug|Win32
		{503BFAC4-7F7F-4B0F-A09D-A9985A9382D0}.clang-cl|ARM64.Build.0 = Debug|Win32
		{503BFAC4-7F7F-4B0F-A09D-A9985A9382D0}.clang-cl|x64.ActiveCfg = clang-cl|x64
		{503BFAC4-7F7F-4B0F-A09D-A9985A9382D0}.clang-cl|x64.Build.0 = clang-cl|x64
		{503BFAC4-7F7F-4B0F-A09D-A9985A9382D0}.clang-cl|x86.ActiveCfg = Debug|Win32
		{503BFAC4-7F7F-4B0F-A09D-A9985A9382D0}.clang-cl|x86.Build.0 = Debug|Win32
		{503BFAC4-7F7F-4B0F-A09D-A9985A9382D0}.clangD|ARM64.ActiveCfg = Debug|Win32
		{503BFAC4-7F7F-4B0F-A09D-A9985A9382D0}.clangD|ARM64.Build.0 = Debug|Win32
		{503BFAC4-7F7F-4B0F-A09D-A9985A9382D0}.clangD|x64.ActiveCfg = Debug|x64
		{503BFAC4-7F7F-4B0F-A09D-A9985A9382D0}.clangD|x64.Build.0 = Debug|x64
		{503BFAC4-7F7F-4B0F-A09D-A9985A9382D0}.clangD|x86.ActiveCfg = Debug|Win32
		{503BFAC4-7F7F-4B0F-A09D-A9985A9382D0}.clangD|x86.Build.0 = Debug|Win32
		{503BFAC4-7F7F-4B0F-A09D-A9985A9382D0}.Debug|ARM64.ActiveCfg = Debug|Win32
		{503BFAC4-7F7F-4B0F-A09D-A9985A9382D0}.Debug|x64.ActiveCfg = Debug|x64
		{503BFAC4-7F7F-4B0F-A09D-A9985A9382D0}.Debug|x64.Build.0 = Debug|x64
		{503BFAC4-7F7F-4B0F-A09D-A9985A9382D0}.Debug|x86.ActiveCfg = Debug|Win32
		{503BFAC4-7F7F-4B0F-A09D-A9985A9382D0}.Debug|x86.Build.0 = Debug|Win32
		{503BFAC4-7F7F-4B0F-A09D-A9985A9382D0}.ICC2022|ARM64.ActiveCfg = Debug|Win32
		{503BFAC4-7F7F-4B0F-A09D-A9985A9382D0}.ICC2022|ARM64.Build.0 = Debug|Win32
		{503BFAC4-7F7F-4B0F-A09D-A9985A9382D0}.ICC2022|x64.ActiveCfg = ICC2022|x64
		{503BFAC4-7F7F-4B0F-A09D-A9985A9382D0}.ICC2022|x64.Build.0 = ICC2022|x64
		{503BFAC4-7F7F-4B0F-A09D-A9985A9382D0}.ICC2022|x86.ActiveCfg = Debug|Win32
		{503BFAC4-7F7F-4B0F-A09D-A9985A9382D0}.ICC2022|x86.Build.0 = Debug|Win32
		{503BFAC4-7F7F-4B0F-A09D-A9985A9382D0}.Release|ARM64.ActiveCfg = Release|Win32
		{503BFAC4-7F7F-4B0F-A09D-A9985A9382D0}.Release|x64.ActiveCfg = Release|x64
		{503BFAC4-7F7F-4B0F-A09D-A9985A9382D0}.Release|x64.Build.0 = Release|x64
		{503BFAC4-7F7F-4B0F-A09D-A9985A9382D0}.Release|x86.ActiveCfg = Release|Win32
		{503BFAC4-7F7F-4B0F-A09D-A9985A9382D0}.Release|x86.Build.0 = Release|Win32
		{FFE7CCAE-431C-44CD-8C12-80BF4B81ED15}.clang-cl|ARM64.ActiveCfg = Debug|Win32
		{FFE7CCAE-431C-44CD-8C12-80BF4B81ED15}.clang-cl|ARM64.Build.0 = Debug|Win32
		{FFE7CCAE-431C-44CD-8C12-80BF4B81ED15}.clang-cl|x64.ActiveCfg = clang-cl|x64
		{FFE7CCAE-431C-44CD-8C12-80BF4B81ED15}.clang-cl|x64.Build.0 = clang-cl|x64
		{FFE7CCAE-431C-44CD-8C12-80BF4B81ED15}.clang-cl|x86.ActiveCfg = Debug|Win32
		{FFE7CCAE-431C-44CD-8C12-80BF4B81ED15}.clang-cl|x86.Build.0 = Debug|Win32
		{FFE7CCAE-431C-44CD-8C12-80BF4B81ED15}.clangD|ARM64.ActiveCfg = Debug|Win32
		{FFE7CCAE-431C-44CD-8C12-80BF4B81ED15}.clangD|ARM64.Build.0 = Debug|Win32
		{FFE7CCAE-431C-44CD-8C12-80BF4B81ED15}.clangD|x64.ActiveCfg = Debug|x64
		{FFE7CCAE-431C-44CD-8C12-80BF4B81ED15}.clangD|x64.Build.0 = Debug|x64
		{FFE7CCAE-431C-44CD-8C12-80BF4B81ED15}.clangD|x86.ActiveCfg = Debug|Win32
		{FFE7CCAE-431C-44CD-8C12-80BF4B81ED15}.clangD|x86.Build.0 = Debug|Win32
		{FFE7CCAE-431C-44CD-8C12-80BF4B81ED15}.Debug|ARM64.ActiveCfg = Debug|Win32
		{FFE7CCAE-431C-44CD-8C12-80BF4B81ED15}.Debug|x64.ActiveCfg = Debug|x64
		{FFE7CCAE-431C-44CD-8C12-80BF4B81ED15}.Debug|x64.Build.0 = Debug|x64
		{FFE7CCAE-431C-44CD-8C12-80BF4B81ED15}.Debug|x86.ActiveCfg = Debug|Win32
		{FFE7CCAE-431C-44CD-8C12-80BF4B81ED15}.Debug|x86.Build.0 = Debug|Win32
		{FFE7CCAE-431C-44CD-8C12-80BF4B81ED15}.ICC2022|ARM64.ActiveCfg = Debug|Win32
		{FFE7CCAE-431C-44CD-8C12-80BF4B81ED15}.ICC2022|ARM64.Build.0 = Debug|Win32
		{FFE7CCAE-431C-44CD-8C12-80BF4B81ED15}.ICC2022|x64.ActiveCfg = ICC2022|x64
		{FFE7CCAE-431C-44CD-8C12-80BF4B81ED15}.ICC2022|x64.Build.0 = ICC2022|x64
		{FFE7CCAE-431C-44CD-8C12-80BF4B81ED15}.ICC2022|x86.ActiveCfg = Debug|Win32
		{FFE7CCAE-431C-44CD-8C12-80BF4B81ED15}.ICC2022|x86.Build.0 = Debug|Win32
		{FFE7CCAE-431C-44CD-8C12-80BF4B81ED15}.Release|ARM64.ActiveCfg = Release|Win32
		{FFE7CCAE-431C-44CD-8C12-80BF4B81ED15}.Release|x64.ActiveCfg = Release|x64
		{FFE7CCAE-431C-44CD-8C12-80BF4B81ED15}.Release|x64.Build.0 = Release|x64
		{FFE7CCAE-431C-44CD-8C12-80BF4B81ED15}.Release|x86.ActiveCfg = Release|Win32
		{FFE7CCAE-431C-44CD-8C12-80BF4B81ED15}.Release|x86.Build.0 = Release|Win32
		{7B09641C-18ED-4D87-B56B-5337829D5BB5}.clang-cl|ARM64.ActiveCfg = Debug|Win32
		{7B09641C-18ED-4D87-B56B-5337829D5BB5}.clang-cl|ARM64.Build.0 = Debug|Win32
		{7B09641C-18ED-4D87-B56B-5337829D5BB5}.clang-cl|x64.ActiveCfg = clang-cl|x64
		{7B09641C-18ED-4D87-B56B-5337829D5BB5}.clang-cl|x64.Build.0 = clang-cl|x64
		{7B09641C-18ED-4D87-B56B-5337829D5BB5}.clang-cl|x86.ActiveCfg = Debug|Win32
		{7B09641C-18ED-4D87-B56B-5337829D5BB5}.clang-cl|x86.Build.0 = Debug|Win32
		{7B09641C-18ED-4D87-B56B-5337829D5BB5}.clangD|ARM64.ActiveCfg = Debug|Win32
		{7B09641C-18ED-4D87-B56B-5337829D5BB5}.clangD|ARM64.Build.0 = Debug|Win32
		{7B09641C-18ED-4D87-B56B-5337829D5BB5}.clangD|x64.ActiveCfg = Debug|x64
		{7B09641C-18ED-4D87-B56B-5337829D5BB5}.clangD|x64.Build.0 = Debug|x64
		{7B09641C-18ED-4D87-B56B-5337829D5BB5}.clangD|x86.ActiveCfg = Debug|Win32
		{7B09641C-18ED-4D87-B56B-5337829D5BB5}.clangD|x86.Build.0 = Debug|Win32
		{7B09641C-18ED-4D87-B56B-5337829D5BB5}.Debug|ARM64.ActiveCfg = Debug|Win32
		{7B09641C-18ED-4D87-B56B-5337829D5BB5}.Debug|x64.ActiveCfg = Debug|x64
		{7B09641C-18ED-4D87-B56B-5337829D5BB5}.Debug|x64.Build.0 = Debug|x64
		{7B09641C-18ED-4D87-B56B-5337829D5BB5}.Debug|x86.ActiveCfg = Debug|Win32
		{7B09641C-18ED-4D87-B56B-5337829D5BB5}.Debug|x86.Build.0 = Debug|Win32
		{7B09641C-18ED-4D87-B56B-5337829D5BB5}.ICC2022|ARM64.ActiveCfg = Debug|Win32
		{7B09641C-18ED-4D87-B56B-5337829D5BB5}.ICC2022|ARM64.Build.0 = Debug|Win32
		{7B09641C-18ED-4D87-B56B-5337829D5BB5}.ICC2022|x64.ActiveCfg = ICC2022|x64
		{7B09641C-18ED-4D87-B56B-5337829D5BB5}.ICC2022|x64.Build.0 = ICC2022|x64
		{7B09641C-18ED-4D87-B56B-5337829D5BB5}.ICC2022|x86.ActiveCfg = Debug|Win32
		{7B09641C-18ED-4D87-B56B-5337829D5BB5}.ICC2022|x86.Build.0 = Debug|Win32
		{7B09641C-18ED-4D87-B56B-5337829D5BB5}.Release|ARM64.ActiveCfg = Release|Win32
		{7B09641C-18ED-4D87-B56B-5337829D5BB5}.Release|x64.ActiveCfg = Release|x64
		{7B09641C-18ED-4D87-B56B-5337829D5BB5}.Release|x64.Build.0 = Release|x64
		{7B09641C-18ED-4D87-B56B-5337829D5BB5}.Release|x86.ActiveCfg = Release|Win32
		{7B09641C-18ED-4D87-B56B-5337829D5BB5}.Release|x86.Build.0 = Release|Win32
		{13610364-ECE9-4C99-A289-F68F940D3046}.clang-cl|ARM64.ActiveCfg = Debug|Win32
		{13610364-ECE9-4C99-A289-F68F940D3046}.clang-cl|ARM64.Build.0 = Debug|Win32
		{13610364-ECE9-4C99-A289-F68F940D3046}.clang-cl|x64.ActiveCfg = clang-cl|x64
		{13610364-ECE9-4C99-A289-F68F940D3046}.clang-cl|x64.Build.0 = clang-cl|x64
		{13610364-ECE9-4C99-A289-F68F940D3046}.clang-cl|x86.ActiveCfg = Debug|Win32
		{13610364-ECE9-4C99-A289-F68F940D3046}.clang-cl|x86.Build.0 = Debug|Win32
		{13610364-ECE9-4C99-A289-F68F940D3046}.clangD|ARM64.ActiveCfg = Debug|Win32
		{13610364-ECE9-4C99-A289-F68F940D3046}.clangD|ARM64.Build.0 = Debug|Win32
		{13610364-ECE9-4C99-A289-F68F940D3046}.clangD|x64.ActiveCfg = Debug|x64
		{13610364-ECE9-4C99-A289-F68F940D3046}.clangD|x64.Build.0 = Debug|x64
		{13610364-ECE9-4C99-A289-F68F940D3046}.clangD|x86.ActiveCfg = Debug|Win32
		{13610364-ECE9-4C99-A289-F68F940D3046}.clangD|x86.Build.0 = Debug|Win32
		{13610364-ECE9-4C99-A289-F68F940D3046}.Debug|ARM64.ActiveCfg = Debug|Win32
		{13610364-ECE9-4C99-A289-F68F940D3046}.Debug|x64.ActiveCfg = Debug|x64
		{13610364-ECE9-4C99-A289-F68F940D3046}.Debug|x64.Build.0 = Debug|x64
		{13610364-ECE9-4C99-A289-F68F940D3046}.Debug|x86.ActiveCfg = Debug|Win32
		{13610364-ECE9-4C99-A289-F68F940D3046}.Debug|x86.Build.0 = Debug|Win32
		{13610364-ECE9-4C99-A289-F68F940D3046}.ICC2022|ARM64.ActiveCfg = Debug|Win32
		{13610364-ECE9-4C99-A289-F68F940D3046}.ICC2022|ARM64.Build.0 = Debug|Win32
		{13610364-ECE9-4C99-A289-F68F940D3046}.ICC2022|x64.ActiveCfg = ICC2022|x64
		{13610364-ECE9-4C99-A289-F68F940D3046}.ICC2022|x64.Build.0 = ICC2022|x64
		{13610364-ECE9-4C99-A289-F68F940D3046}.ICC2022|x86.ActiveCfg = Debug|Win32
		{13610364-ECE9-4C99-A289-F68F940D3046}.ICC2022|x86.Build.0 = Debug|Win32
		{13610364-ECE9-4C99-A289-F68F940D3046}.Release|ARM64.ActiveCfg = Release|Win32
		{13610364-ECE9-4C99-A289-F68F940D3046}.Release|x64.ActiveCfg = Release|x64
		{13610364-ECE9-4C99-A289-F68F940D3046}.Release|x64.Build.0 = Release|x64
		{13610364-ECE9-4C99-A289-F68F940D3046}.Release|x86.ActiveCfg = Release|Win32
		{13610364-ECE9-4C99-A289-F68F940D3046}.Release|x86.Build.0 = Release|Win32
	EndGlobalSection
	GlobalSection(SolutionProperties) = preSolution
		HideSolutionNode = FALSE
	EndGlobalSection
	GlobalSection(ExtensibilityGlobals) = postSolution
		SolutionGuid = {15BE78A5-DA86-433F-ACAD-30955CE1A3AD}
	EndGlobalSection
EndGlobal
